{
  "name": "docker-nodejs-r",
  "version": "1.0.0",
  "lockfileVersion": 3,
  "requires": true,
  "packages": {
    "": {
      "name": "docker-nodejs-r",
      "version": "1.0.0",
      "license": "ISC",
      "dependencies": {
        "r-script": "0.0.4"
      }
    },
    "node_modules/r-script": {
      "version": "0.0.4",
      "resolved": "https://registry.npmjs.org/r-script/-/r-script-0.0.4.tgz",
      "integrity": "sha512-PNUS0iQGHLSzKCaTI8HZs5pw20GSJVaIhuBEPY3QYoUmf1RXUAnTcof0G6uMp8jGr9Ke2n/rhXVC6B1m/iiWCA==",
      "dependencies": {
        "underscore": "^1.8.3"
      }
    },
    "node_modules/underscore": {
      "version": "1.13.6",
      "resolved": "https://registry.npmjs.org/underscore/-/underscore-1.13.6.tgz",
      "integrity": "sha512-+A5Sja4HP1M08MaXya7p5LvjuM7K6q/2EaC0+iovj/wOcMsTzMvDFbasi/oSapiwOlt252IqsKqPjCl7huKS0A=="
    }
  }
}
